// !$*UTF8*$!
{
	archiveVersion = 1;
	classes = {
	};
	objectVersion = 55;
	objects = {

/* Begin PBXBuildFile section */
		D1C8BBB1271F0D0D0057F1F0 /* AppDelegate.swift in Sources */ = {isa = PBXBuildFile; fileRef = D1C8BBB0271F0D0D0057F1F0 /* AppDelegate.swift */; };
		D1C8BBB3271F0D0D0057F1F0 /* SceneDelegate.swift in Sources */ = {isa = PBXBuildFile; fileRef = D1C8BBB2271F0D0D0057F1F0 /* SceneDelegate.swift */; };
		D1C8BBBA271F0D0F0057F1F0 /* Assets.xcassets in Resources */ = {isa = PBXBuildFile; fileRef = D1C8BBB9271F0D0F0057F1F0 /* Assets.xcassets */; };
		D1C8BBBD271F0D0F0057F1F0 /* LaunchScreen.storyboard in Resources */ = {isa = PBXBuildFile; fileRef = D1C8BBBB271F0D0F0057F1F0 /* LaunchScreen.storyboard */; };
		D1C8BBCC271F0DBA0057F1F0 /* TableViewController.swift in Sources */ = {isa = PBXBuildFile; fileRef = D1C8BBCB271F0DBA0057F1F0 /* TableViewController.swift */; };
		D1C8BBCE271F0E370057F1F0 /* ReaderWriter.swift in Sources */ = {isa = PBXBuildFile; fileRef = D1C8BBCD271F0E370057F1F0 /* ReaderWriter.swift */; };
/* End PBXBuildFile section */

/* Begin PBXFileReference section */
		D1C8BBAD271F0D0D0057F1F0 /* Task10Concurrency&multithreading.app */ = {isa = PBXFileReference; explicitFileType = wrapper.application; includeInIndex = 0; path = "Task10Concurrency&multithreading.app"; sourceTree = BUILT_PRODUCTS_DIR; };
		D1C8BBB0271F0D0D0057F1F0 /* AppDelegate.swift */ = {isa = PBXFileReference; lastKnownFileType = sourcecode.swift; path = AppDelegate.swift; sourceTree = "<group>"; };
		D1C8BBB2271F0D0D0057F1F0 /* SceneDelegate.swift */ = {isa = PBXFileReference; lastKnownFileType = sourcecode.swift; path = SceneDelegate.swift; sourceTree = "<group>"; };
		D1C8BBB9271F0D0F0057F1F0 /* Assets.xcassets */ = {isa = PBXFileReference; lastKnownFileType = folder.assetcatalog; path = Assets.xcassets; sourceTree = "<group>"; };
		D1C8BBBC271F0D0F0057F1F0 /* Base */ = {isa = PBXFileReference; lastKnownFileType = file.storyboard; name = Base; path = Base.lproj/LaunchScreen.storyboard; sourceTree = "<group>"; };
		D1C8BBBE271F0D0F0057F1F0 /* Info.plist */ = {isa = PBXFileReference; lastKnownFileType = text.plist.xml; path = Info.plist; sourceTree = "<group>"; };
		D1C8BBCB271F0DBA0057F1F0 /* TableViewController.swift */ = {isa = PBXFileReference; lastKnownFileType = sourcecode.swift; path = TableViewController.swift; sourceTree = "<group>"; };
		D1C8BBCD271F0E370057F1F0 /* ReaderWriter.swift */ = {isa = PBXFileReference; lastKnownFileType = sourcecode.swift; path = ReaderWriter.swift; sourceTree = "<group>"; };
/* End PBXFileReference section */

/* Begin PBXFrameworksBuildPhase section */
		D1C8BBAA271F0D0D0057F1F0 /* Frameworks */ = {
			isa = PBXFrameworksBuildPhase;
			buildActionMask = 2147483647;
			files = (
			);
			runOnlyForDeploymentPostprocessing = 0;
		};
/* End PBXFrameworksBuildPhase section */

/* Begin PBXGroup section */
		D1C8BBA4271F0D0D0057F1F0 = {
			isa = PBXGroup;
			children = (
				D1C8BBAF271F0D0D0057F1F0 /* Task10Concurrency&multithreading */,
				D1C8BBAE271F0D0D0057F1F0 /* Products */,
			);
			sourceTree = "<group>";
		};
		D1C8BBAE271F0D0D0057F1F0 /* Products */ = {
			isa = PBXGroup;
			children = (
				D1C8BBAD271F0D0D0057F1F0 /* Task10Concurrency&multithreading.app */,
			);
			name = Products;
			sourceTree = "<group>";
		};
		D1C8BBAF271F0D0D0057F1F0 /* Task10Concurrency&multithreading */ = {
			isa = PBXGroup;
			children = (
				D1C8BBC8271F0D890057F1F0 /* Model */,
				D1C8BBC7271F0D800057F1F0 /* View */,
				D1C8BBC4271F0D5C0057F1F0 /* Controller */,
				D1C8BBCA271F0D960057F1F0 /* Resourse */,
				D1C8BBC9271F0D8F0057F1F0 /* App */,
				D1C8BBBE271F0D0F0057F1F0 /* Info.plist */,
			);
			path = "Task10Concurrency&multithreading";
			sourceTree = "<group>";
		};
		D1C8BBC4271F0D5C0057F1F0 /* Controller */ = {
			isa = PBXGroup;
			children = (
				D1C8BBCB271F0DBA0057F1F0 /* TableViewController.swift */,
			);
			path = Controller;
			sourceTree = "<group>";
		};
		D1C8BBC7271F0D800057F1F0 /* View */ = {
			isa = PBXGroup;
			children = (
			);
			path = View;
			sourceTree = "<group>";
		};
		D1C8BBC8271F0D890057F1F0 /* Model */ = {
			isa = PBXGroup;
			children = (
				D1C8BBCD271F0E370057F1F0 /* ReaderWriter.swift */,
			);
			path = Model;
			sourceTree = "<group>";
		};
		D1C8BBC9271F0D8F0057F1F0 /* App */ = {
			isa = PBXGroup;
			children = (
				D1C8BBB0271F0D0D0057F1F0 /* AppDelegate.swift */,
				D1C8BBB2271F0D0D0057F1F0 /* SceneDelegate.swift */,
			);
			path = App;
			sourceTree = "<group>";
		};
		D1C8BBCA271F0D960057F1F0 /* Resourse */ = {
			isa = PBXGroup;
			children = (
				D1C8BBB9271F0D0F0057F1F0 /* Assets.xcassets */,
				D1C8BBBB271F0D0F0057F1F0 /* LaunchScreen.storyboard */,
			);
			path = Resourse;
			sourceTree = "<group>";
		};
/* End PBXGroup section */

/* Begin PBXNativeTarget section */
		D1C8BBAC271F0D0D0057F1F0 /* Task10Concurrency&multithreading */ = {
			isa = PBXNativeTarget;
			buildConfigurationList = D1C8BBC1271F0D0F0057F1F0 /* Build configuration list for PBXNativeTarget "Task10Concurrency&multithreading" */;
			buildPhases = (
				D1C8BBA9271F0D0D0057F1F0 /* Sources */,
				D1C8BBAA271F0D0D0057F1F0 /* Frameworks */,
				D1C8BBAB271F0D0D0057F1F0 /* Resources */,
			);
			buildRules = (
			);
			dependencies = (
			);
			name = "Task10Concurrency&multithreading";
			productName = "Task10Concurrency&multithreading";
			productReference = D1C8BBAD271F0D0D0057F1F0 /* Task10Concurrency&multithreading.app */;
			productType = "com.apple.product-type.application";
		};
/* End PBXNativeTarget section */

/* Begin PBXProject section */
		D1C8BBA5271F0D0D0057F1F0 /* Project object */ = {
			isa = PBXProject;
			attributes = {
				BuildIndependentTargetsInParallel = 1;
				LastSwiftUpdateCheck = 1300;
				LastUpgradeCheck = 1300;
				TargetAttributes = {
					D1C8BBAC271F0D0D0057F1F0 = {
						CreatedOnToolsVersion = 13.0;
					};
				};
			};
			buildConfigurationList = D1C8BBA8271F0D0D0057F1F0 /* Build configuration list for PBXProject "Task10Concurrency&multithreading" */;
			compatibilityVersion = "Xcode 13.0";
			developmentRegion = en;
			hasScannedForEncodings = 0;
			knownRegions = (
				en,
				Base,
			);
			mainGroup = D1C8BBA4271F0D0D0057F1F0;
			productRefGroup = D1C8BBAE271F0D0D0057F1F0 /* Products */;
			projectDirPath = "";
			projectRoot = "";
			targets = (
				D1C8BBAC271F0D0D0057F1F0 /* Task10Concurrency&multithreading */,
			);
		};
/* End PBXProject section */

/* Begin PBXResourcesBuildPhase section */
		D1C8BBAB271F0D0D0057F1F0 /* Resources */ = {
			isa = PBXResourcesBuildPhase;
			buildActionMask = 2147483647;
			files = (
				D1C8BBBD271F0D0F0057F1F0 /* LaunchScreen.storyboard in Resources */,
				D1C8BBBA271F0D0F0057F1F0 /* Assets.xcassets in Resources */,
			);
			runOnlyForDeploymentPostprocessing = 0;
		};
/* End PBXResourcesBuildPhase section */

/* Begin PBXSourcesBuildPhase section */
		D1C8BBA9271F0D0D0057F1F0 /* Sources */ = {
			isa = PBXSourcesBuildPhase;
			buildActionMask = 2147483647;
			files = (
				D1C8BBB1271F0D0D0057F1F0 /* AppDelegate.swift in Sources */,
				D1C8BBCE271F0E370057F1F0 /* ReaderWriter.swift in Sources */,
				D1C8BBCC271F0DBA0057F1F0 /* TableViewController.swift in Sources */,
				D1C8BBB3271F0D0D0057F1F0 /* SceneDelegate.swift in Sources */,
			);
			runOnlyForDeploymentPostprocessing = 0;
		};
/* End PBXSourcesBuildPhase section */

/* Begin PBXVariantGroup section */
		D1C8BBBB271F0D0F0057F1F0 /* LaunchScreen.storyboard */ = {
			isa = PBXVariantGroup;
			children = (
				D1C8BBBC271F0D0F0057F1F0 /* Base */,
			);
			name = LaunchScreen.storyboard;
			sourceTree = "<group>";
		};
/* End PBXVariantGroup section */

/* Begin XCBuildConfiguration section */
		D1C8BBBF271F0D0F0057F1F0 /* Debug */ = {
			isa = XCBuildConfiguration;
			buildSettings = {
				ALWAYS_SEARCH_USER_PATHS = NO;
				CLANG_ANALYZER_NONNULL = YES;
				CLANG_ANALYZER_NUMBER_OBJECT_CONVERSION = YES_AGGRESSIVE;
				CLANG_CXX_LANGUAGE_STANDARD = "gnu++17";
				CLANG_CXX_LIBRARY = "libc++";
				CLANG_ENABLE_MODULES = YES;
				CLANG_ENABLE_OBJC_ARC = YES;
				CLANG_ENABLE_OBJC_WEAK = YES;
				CLANG_WARN_BLOCK_CAPTURE_AUTORELEASING = YES;
				CLANG_WARN_BOOL_CONVERSION = YES;
				CLANG_WARN_COMMA = YES;
				CLANG_WARN_CONSTANT_CONVERSION = YES;
				CLANG_WARN_DEPRECATED_OBJC_IMPLEMENTATIONS = YES;
				CLANG_WARN_DIRECT_OBJC_ISA_USAGE = YES_ERROR;
				CLANG_WARN_DOCUMENTATION_COMMENTS = YES;
				CLANG_WARN_EMPTY_BODY = YES;
				CLANG_WARN_ENUM_CONVERSION = YES;
				CLANG_WARN_INFINITE_RECURSION = YES;
				CLANG_WARN_INT_CONVERSION = YES;
				CLANG_WARN_NON_LITERAL_NULL_CONVERSION = YES;
				CLANG_WARN_OBJC_IMPLICIT_RETAIN_SELF = YES;
				CLANG_WARN_OBJC_LITERAL_CONVERSION = YES;
				CLANG_WARN_OBJC_ROOT_CLASS = YES_ERROR;
				CLANG_WARN_QUOTED_INCLUDE_IN_FRAMEWORK_HEADER = YES;
				CLANG_WARN_RANGE_LOOP_ANALYSIS = YES;
				CLANG_WARN_STRICT_PROTOTYPES = YES;
				CLANG_WARN_SUSPICIOUS_MOVE = YES;
				CLANG_WARN_UNGUARDED_AVAILABILITY = YES_AGGRESSIVE;
				CLANG_WARN_UNREACHABLE_CODE = YES;
				CLANG_WARN__DUPLICATE_METHOD_MATCH = YES;
				COPY_PHASE_STRIP = NO;
				DEBUG_INFORMATION_FORMAT = dwarf;
				ENABLE_STRICT_OBJC_MSGSEND = YES;
				ENABLE_TESTABILITY = YES;
				GCC_C_LANGUAGE_STANDARD = gnu11;
				GCC_DYNAMIC_NO_PIC = NO;
				GCC_NO_COMMON_BLOCKS = YES;
				GCC_OPTIMIZATION_LEVEL = 0;
				GCC_PREPROCESSOR_DEFINITIONS = (
					"DEBUG=1",
					"$(inherited)",
				);
				GCC_WARN_64_TO_32_BIT_CONVERSION = YES;
				GCC_WARN_ABOUT_RETURN_TYPE = YES_ERROR;
				GCC_WARN_UNDECLARED_SELECTOR = YES;
				GCC_WARN_UNINITIALIZED_AUTOS = YES_AGGRESSIVE;
				GCC_WARN_UNUSED_FUNCTION = YES;
				GCC_WARN_UNUSED_VARIABLE = YES;
				IPHONEOS_DEPLOYMENT_TARGET = 15.0;
				MTL_ENABLE_DEBUG_INFO = INCLUDE_SOURCE;
				MTL_FAST_MATH = YES;
				ONLY_ACTIVE_ARCH = YES;
				SDKROOT = iphoneos;
				SWIFT_ACTIVE_COMPILATION_CONDITIONS = DEBUG;
				SWIFT_OPTIMIZATION_LEVEL = "-Onone";
			};
			name = Debug;
		};
		D1C8BBC0271F0D0F0057F1F0 /* Release */ = {
			isa = XCBuildConfiguration;
			buildSettings = {
				ALWAYS_SEARCH_USER_PATHS = NO;
				CLANG_ANALYZER_NONNULL = YES;
				CLANG_ANALYZER_NUMBER_OBJECT_CONVERSION = YES_AGGRESSIVE;
				CLANG_CXX_LANGUAGE_STANDARD = "gnu++17";
				CLANG_CXX_LIBRARY = "libc++";
				CLANG_ENABLE_MODULES = YES;
				CLANG_ENABLE_OBJC_ARC = YES;
				CLANG_ENABLE_OBJC_WEAK = YES;
				CLANG_WARN_BLOCK_CAPTURE_AUTORELEASING = YES;
				CLANG_WARN_BOOL_CONVERSION = YES;
				CLANG_WARN_COMMA = YES;
				CLANG_WARN_CONSTANT_CONVERSION = YES;
				CLANG_WARN_DEPRECATED_OBJC_IMPLEMENTATIONS = YES;
				CLANG_WARN_DIRECT_OBJC_ISA_USAGE = YES_ERROR;
				CLANG_WARN_DOCUMENTATION_COMMENTS = YES;
				CLANG_WARN_EMPTY_BODY = YES;
				CLANG_WARN_ENUM_CONVERSION = YES;
				CLANG_WARN_INFINITE_RECURSION = YES;
				CLANG_WARN_INT_CONVERSION = YES;
				CLANG_WARN_NON_LITERAL_NULL_CONVERSION = YES;
				CLANG_WARN_OBJC_IMPLICIT_RETAIN_SELF = YES;
				CLANG_WARN_OBJC_LITERAL_CONVERSION = YES;
				CLANG_WARN_OBJC_ROOT_CLASS = YES_ERROR;
				CLANG_WARN_QUOTED_INCLUDE_IN_FRAMEWORK_HEADER = YES;
				CLANG_WARN_RANGE_LOOP_ANALYSIS = YES;
				CLANG_WARN_STRICT_PROTOTYPES = YES;
				CLANG_WARN_SUSPICIOUS_MOVE = YES;
				CLANG_WARN_UNGUARDED_AVAILABILITY = YES_AGGRESSIVE;
				CLANG_WARN_UNREACHABLE_CODE = YES;
				CLANG_WARN__DUPLICATE_METHOD_MATCH = YES;
				COPY_PHASE_STRIP = NO;
				DEBUG_INFORMATION_FORMAT = "dwarf-with-dsym";
				ENABLE_NS_ASSERTIONS = NO;
				ENABLE_STRICT_OBJC_MSGSEND = YES;
				GCC_C_LANGUAGE_STANDARD = gnu11;
				GCC_NO_COMMON_BLOCKS = YES;
				GCC_WARN_64_TO_32_BIT_CONVERSION = YES;
				GCC_WARN_ABOUT_RETURN_TYPE = YES_ERROR;
				GCC_WARN_UNDECLARED_SELECTOR = YES;
				GCC_WARN_UNINITIALIZED_AUTOS = YES_AGGRESSIVE;
				GCC_WARN_UNUSED_FUNCTION = YES;
				GCC_WARN_UNUSED_VARIABLE = YES;
				IPHONEOS_DEPLOYMENT_TARGET = 15.0;
				MTL_ENABLE_DEBUG_INFO = NO;
				MTL_FAST_MATH = YES;
				SDKROOT = iphoneos;
				SWIFT_COMPILATION_MODE = wholemodule;
				SWIFT_OPTIMIZATION_LEVEL = "-O";
				VALIDATE_PRODUCT = YES;
			};
			name = Release;
		};
		D1C8BBC2271F0D0F0057F1F0 /* Debug */ = {
			isa = XCBuildConfiguration;
			buildSettings = {
				ASSETCATALOG_COMPILER_APPICON_NAME = AppIcon;
				ASSETCATALOG_COMPILER_GLOBAL_ACCENT_COLOR_NAME = AccentColor;
				CODE_SIGN_STYLE = Automatic;
				CURRENT_PROJECT_VERSION = 1;
				DEVELOPMENT_TEAM = TCJQCY9299;
				GENERATE_INFOPLIST_FILE = YES;
				INFOPLIST_FILE = "Task10Concurrency&multithreading/Info.plist";
				INFOPLIST_KEY_UIApplicationSupportsIndirectInputEvents = YES;
				INFOPLIST_KEY_UILaunchStoryboardName = LaunchScreen;
				INFOPLIST_KEY_UIMainStoryboardFile = LaunchScreen;
				INFOPLIST_KEY_UISupportedInterfaceOrientations_iPad = "UIInterfaceOrientationPortrait UIInterfaceOrientationPortraitUpsideDown UIInterfaceOrientationLandscapeLeft UIInterfaceOrientationLandscapeRight";
				INFOPLIST_KEY_UISupportedInterfaceOrientations_iPhone = "UIInterfaceOrientationPortrait UIInterfaceOrientationLandscapeLeft UIInterfaceOrientationLandscapeRight";
				LD_RUNPATH_SEARCH_PATHS = (
					"$(inherited)",
					"@executable_path/Frameworks",
				);
				MARKETING_VERSION = 1.0;
				PRODUCT_BUNDLE_IDENTIFIER = "epam.Task10Concurrency-multithreading";
				PRODUCT_NAME = "$(TARGET_NAME)";
				SWIFT_EMIT_LOC_STRINGS = YES;
				SWIFT_VERSION = 5.0;
				TARGETED_DEVICE_FAMILY = "1,2";
			};
			name = Debug;
		};
		D1C8BBC3271F0D0F0057F1F0 /* Release */ = {
			isa = XCBuildConfiguration;
			buildSettings = {
				ASSETCATALOG_COMPILER_APPICON_NAME = AppIcon;
				ASSETCATALOG_COMPILER_GLOBAL_ACCENT_COLOR_NAME = AccentColor;
				CODE_SIGN_STYLE = Automatic;
				CURRENT_PROJECT_VERSION = 1;
				DEVELOPMENT_TEAM = TCJQCY9299;
				GENERATE_INFOPLIST_FILE = YES;
				INFOPLIST_FILE = "Task10Concurrency&multithreading/Info.plist";
				INFOPLIST_KEY_UIApplicationSupportsIndirectInputEvents = YES;
				INFOPLIST_KEY_UILaunchStoryboardName = LaunchScreen;
				INFOPLIST_KEY_UIMainStoryboardFile = LaunchScreen;
				INFOPLIST_KEY_UISupportedInterfaceOrientations_iPad = "UIInterfaceOrientationPortrait UIInterfaceOrientationPortraitUpsideDown UIInterfaceOrientationLandscapeLeft UIInterfaceOrientationLandscapeRight";
				INFOPLIST_KEY_UISupportedInterfaceOrientations_iPhone = "UIInterfaceOrientationPortrait UIInterfaceOrientationLandscapeLeft UIInterfaceOrientationLandscapeRight";
				LD_RUNPATH_SEARCH_PATHS = (
					"$(inherited)",
					"@executable_path/Frameworks",
				);
				MARKETING_VERSION = 1.0;
				PRODUCT_BUNDLE_IDENTIFIER = "epam.Task10Concurrency-multithreading";
				PRODUCT_NAME = "$(TARGET_NAME)";
				SWIFT_EMIT_LOC_STRINGS = YES;
				SWIFT_VERSION = 5.0;
				TARGETED_DEVICE_FAMILY = "1,2";
			};
			name = Release;
		};
/* End XCBuildConfiguration section */

/* Begin XCConfigurationList section */
		D1C8BBA8271F0D0D0057F1F0 /* Build configuration list for PBXProject "Task10Concurrency&multithreading" */ = {
			isa = XCConfigurationList;
			buildConfigurations = (
				D1C8BBBF271F0D0F0057F1F0 /* Debug */,
				D1C8BBC0271F0D0F0057F1F0 /* Release */,
			);
			defaultConfigurationIsVisible = 0;
			defaultConfigurationName = Release;
		};
		D1C8BBC1271F0D0F0057F1F0 /* Build configuration list for PBXNativeTarget "Task10Concurrency&multithreading" */ = {
			isa = XCConfigurationList;
			buildConfigurations = (
				D1C8BBC2271F0D0F0057F1F0 /* Debug */,
				D1C8BBC3271F0D0F0057F1F0 /* Release */,
			);
			defaultConfigurationIsVisible = 0;
			defaultConfigurationName = Release;
		};
/* End XCConfigurationList section */
	};
	rootObject = D1C8BBA5271F0D0D0057F1F0 /* Project object */;
}
